
Microsoft Visual Studio Solution File, Format Version 12.00
# Visual Studio 15
VisualStudioVersion = 15.0.28307.329
MinimumVisualStudioVersion = 10.0.40219.1
Project("{FAE04EC0-301F-11D3-BF4B-00C04F79EFBC}") = "Solid", "Solid\Solid.csproj", "{FDA19376-2873-4BB9-AAB7-FE33FA5AEDDB}"
EndProject
Project("{FAE04EC0-301F-11D3-BF4B-00C04F79EFBC}") = "Solid.Entities", "Solid.Entities\Solid.Entities.csproj", "{DCEE7311-F9D5-476E-93F7-4AB2ACE4ABD2}"
EndProject
Project("{FAE04EC0-301F-11D3-BF4B-00C04F79EFBC}") = "Solid.Data", "Solid.Data\Solid.Data.csproj", "{25212BEB-3986-4B10-BA83-90267AABBDAA}"
EndProject
Project("{FAE04EC0-301F-11D3-BF4B-00C04F79EFBC}") = "Solid.Bussines", "Solid.Bussines\Solid.Bussines.csproj", "{27733E1A-9ED4-46FA-9409-D4E29295E006}"
EndProject
Project("{FAE04EC0-301F-11D3-BF4B-00C04F79EFBC}") = "SolidUTest", "SolidUTest\SolidUTest.csproj", "{DF22965D-56BA-4C4B-BC89-4E276EFCA6AA}"
EndProject
Global
	GlobalSection(SolutionConfigurationPlatforms) = preSolution
		Debug|Any CPU = Debug|Any CPU
		Release|Any CPU = Release|Any CPU
	EndGlobalSection
	GlobalSection(ProjectConfigurationPlatforms) = postSolution
		{FDA19376-2873-4BB9-AAB7-FE33FA5AEDDB}.Debug|Any CPU.ActiveCfg = Debug|Any CPU
		{FDA19376-2873-4BB9-AAB7-FE33FA5AEDDB}.Debug|Any CPU.Build.0 = Debug|Any CPU
		{FDA19376-2873-4BB9-AAB7-FE33FA5AEDDB}.Release|Any CPU.ActiveCfg = Release|Any CPU
		{FDA19376-2873-4BB9-AAB7-FE33FA5AEDDB}.Release|Any CPU.Build.0 = Release|Any CPU
		{DCEE7311-F9D5-476E-93F7-4AB2ACE4ABD2}.Debug|Any CPU.ActiveCfg = Debug|Any CPU
		{DCEE7311-F9D5-476E-93F7-4AB2ACE4ABD2}.Debug|Any CPU.Build.0 = Debug|Any CPU
		{DCEE7311-F9D5-476E-93F7-4AB2ACE4ABD2}.Release|Any CPU.ActiveCfg = Release|Any CPU
		{DCEE7311-F9D5-476E-93F7-4AB2ACE4ABD2}.Release|Any CPU.Build.0 = Release|Any CPU
		{25212BEB-3986-4B10-BA83-90267AABBDAA}.Debug|Any CPU.ActiveCfg = Debug|Any CPU
		{25212BEB-3986-4B10-BA83-90267AABBDAA}.Debug|Any CPU.Build.0 = Debug|Any CPU
		{25212BEB-3986-4B10-BA83-90267AABBDAA}.Release|Any CPU.ActiveCfg = Release|Any CPU
		{25212BEB-3986-4B10-BA83-90267AABBDAA}.Release|Any CPU.Build.0 = Release|Any CPU
		{27733E1A-9ED4-46FA-9409-D4E29295E006}.Debug|Any CPU.ActiveCfg = Debug|Any CPU
		{27733E1A-9ED4-46FA-9409-D4E29295E006}.Debug|Any CPU.Build.0 = Debug|Any CPU
		{27733E1A-9ED4-46FA-9409-D4E29295E006}.Release|Any CPU.ActiveCfg = Release|Any CPU
		{27733E1A-9ED4-46FA-9409-D4E29295E006}.Release|Any CPU.Build.0 = Release|Any CPU
		{DF22965D-56BA-4C4B-BC89-4E276EFCA6AA}.Debug|Any CPU.ActiveCfg = Debug|Any CPU
		{DF22965D-56BA-4C4B-BC89-4E276EFCA6AA}.Debug|Any CPU.Build.0 = Debug|Any CPU
		{DF22965D-56BA-4C4B-BC89-4E276EFCA6AA}.Release|Any CPU.ActiveCfg = Release|Any CPU
		{DF22965D-56BA-4C4B-BC89-4E276EFCA6AA}.Release|Any CPU.Build.0 = Release|Any CPU
	EndGlobalSection
	GlobalSection(SolutionProperties) = preSolution
		HideSolutionNode = FALSE
	EndGlobalSection
	GlobalSection(ExtensibilityGlobals) = postSolution
		SolutionGuid = {D3AFBEDB-BDD6-47B5-89E7-C3120273EB4C}
	EndGlobalSection
EndGlobal
